
Microsoft Visual Studio Solution File, Format Version 12.00
# Visual Studio 15
VisualStudioVersion = 15.0.26430.16
MinimumVisualStudioVersion = 10.0.40219.1
Project("{FAE04EC0-301F-11D3-BF4B-00C04F79EFBC}") = "SecurityToolbox", "SecurityToolbox\SecurityToolbox.csproj", "{557EE66D-4487-4D39-8AE3-EB76EED8D475}"
EndProject
Project("{FAE04EC0-301F-11D3-BF4B-00C04F79EFBC}") = "WixInstall", "WixInstall\WixInstall.csproj", "{40A47FA2-FAE5-44CD-9A50-3E358BA37D23}"
	ProjectSection(ProjectDependencies) = postProject
		{557EE66D-4487-4D39-8AE3-EB76EED8D475} = {557EE66D-4487-4D39-8AE3-EB76EED8D475}
	EndProjectSection
EndProject
Project("{2150E333-8FDC-42A3-9474-1A3956D46DE8}") = "Solution Documents", "Solution Documents", "{6171047A-A37A-4E85-A170-4205ADBCDFDB}"
	ProjectSection(SolutionItems) = preProject
		Readme.md = Readme.md
	EndProjectSection
EndProject
Global
	GlobalSection(SolutionConfigurationPlatforms) = preSolution
		Debug|Any CPU = Debug|Any CPU
		Release|Any CPU = Release|Any CPU
	EndGlobalSection
	GlobalSection(ProjectConfigurationPlatforms) = postSolution
		{557EE66D-4487-4D39-8AE3-EB76EED8D475}.Debug|Any CPU.ActiveCfg = Debug|Any CPU
		{557EE66D-4487-4D39-8AE3-EB76EED8D475}.Debug|Any CPU.Build.0 = Debug|Any CPU
		{557EE66D-4487-4D39-8AE3-EB76EED8D475}.Release|Any CPU.ActiveCfg = Release|Any CPU
		{557EE66D-4487-4D39-8AE3-EB76EED8D475}.Release|Any CPU.Build.0 = Release|Any CPU
		{40A47FA2-FAE5-44CD-9A50-3E358BA37D23}.Debug|Any CPU.ActiveCfg = Debug|Any CPU
		{40A47FA2-FAE5-44CD-9A50-3E358BA37D23}.Release|Any CPU.ActiveCfg = Release|Any CPU
		{40A47FA2-FAE5-44CD-9A50-3E358BA37D23}.Release|Any CPU.Build.0 = Release|Any CPU
	EndGlobalSection
	GlobalSection(SolutionProperties) = preSolution
		HideSolutionNode = FALSE
	EndGlobalSection
EndGlobal
